
Microsoft Visual Studio Solution File, Format Version 12.00
# Visual Studio Version 16
VisualStudioVersion = 16.0.29306.81
MinimumVisualStudioVersion = 10.0.40219.1
Project("{FAE04EC0-301F-11D3-BF4B-00C04F79EFBC}") = "DriversApp2", "DriversApp2\DriversApp2.csproj", "{0794D49B-4FF1-4058-8C5A-BB94BD4B8234}"
EndProject
Global
	GlobalSection(SolutionConfigurationPlatforms) = preSolution
		Debug|Any CPU = Debug|Any CPU
		Release|Any CPU = Release|Any CPU
	EndGlobalSection
	GlobalSection(ProjectConfigurationPlatforms) = postSolution
		{0794D49B-4FF1-4058-8C5A-BB94BD4B8234}.Debug|Any CPU.ActiveCfg = Debug|Any CPU
		{0794D49B-4FF1-4058-8C5A-BB94BD4B8234}.Debug|Any CPU.Build.0 = Debug|Any CPU
		{0794D49B-4FF1-4058-8C5A-BB94BD4B8234}.Release|Any CPU.ActiveCfg = Release|Any CPU
		{0794D49B-4FF1-4058-8C5A-BB94BD4B8234}.Release|Any CPU.Build.0 = Release|Any CPU
	EndGlobalSection
	GlobalSection(SolutionProperties) = preSolution
		HideSolutionNode = FALSE
	EndGlobalSection
	GlobalSection(ExtensibilityGlobals) = postSolution
		SolutionGuid = {6A719D33-26FF-433C-9FBE-661F55DA55FA}
	EndGlobalSection
EndGlobal
